
Microsoft Visual Studio Solution File, Format Version 12.00
# Visual Studio Version 17
VisualStudioVersion = 17.10.34928.147
MinimumVisualStudioVersion = 10.0.40219.1
Project("{FAE04EC0-301F-11D3-BF4B-00C04F79EFBC}") = "ItmoLesson10", "ItmoLesson10\ItmoLesson10.csproj", "{84CF7EC6-9C04-4637-915F-8D608E37DBB8}"
EndProject
Project("{FAE04EC0-301F-11D3-BF4B-00C04F79EFBC}") = "ITMO_LESSON11", "ITMO_LESSON11\ITMO_LESSON11.csproj", "{F128EFDF-59E0-41AE-9915-D629B95DF09B}"
EndProject
Project("{FAE04EC0-301F-11D3-BF4B-00C04F79EFBC}") = "ITMO_LESSON12", "ITMO_LESSON12\ITMO_LESSON12.csproj", "{8A6EDE31-38AA-4E2B-9AF4-343C7C44B3C4}"
EndProject
Project("{FAE04EC0-301F-11D3-BF4B-00C04F79EFBC}") = "ITMO_LESSON13", "ITMO_LESSON13\ITMO_LESSON13.csproj", "{8478CC71-8DC5-406E-A506-9D495E53FAC1}"
EndProject
Project("{FAE04EC0-301F-11D3-BF4B-00C04F79EFBC}") = "ITMO_LESSON14", "ITMO_LESSON14\ITMO_LESSON14.csproj", "{6A776044-2B86-4F16-9551-DC57CCC41E89}"
EndProject
Project("{9A19103F-16F7-4668-BE54-9A1E7A4F7556}") = "ITMO_LESSON15", "ITMO_LESSON15\ITMO_LESSON15.csproj", "{A753CE6B-395A-443E-9099-EDBF3BC5DAC6}"
EndProject
Project("{9A19103F-16F7-4668-BE54-9A1E7A4F7556}") = "ITMO_LESSON16", "ITMO_LESSON16\ITMO_LESSON16.csproj", "{D1D574C2-096F-4EB4-BAD9-2775BD29A22C}"
EndProject
Project("{9A19103F-16F7-4668-BE54-9A1E7A4F7556}") = "ITMO_LESSON17", "ITMO_LESSON17\ITMO_LESSON17.csproj", "{652A5771-E23C-42ED-9FE2-6834DCA433FA}"
EndProject
Project("{FAE04EC0-301F-11D3-BF4B-00C04F79EFBC}") = "ITMO_LESSON18", "ITMO_LESSON18\ITMO_LESSON18.csproj", "{2A492CC6-EA8D-446C-A9A9-D7320CB60814}"
EndProject
Project("{9A19103F-16F7-4668-BE54-9A1E7A4F7556}") = "ITMO_LESSON19", "ITMO_LESSON19\ITMO_LESSON19.csproj", "{27B7B15C-DF6F-46B1-8ED9-954F0B29CB30}"
EndProject
Project("{9A19103F-16F7-4668-BE54-9A1E7A4F7556}") = "ITMO_LESSON20", "ITMO_LESSON20\ITMO_LESSON20.csproj", "{8226B2E2-0946-477B-B5E7-17E111E6D27E}"
EndProject
Project("{9A19103F-16F7-4668-BE54-9A1E7A4F7556}") = "ITMO_LESSON21", "ITMO_LESSON21\ITMO_LESSON21.csproj", "{8E2437F5-F43C-407F-84DD-088B7D37A6C4}"
EndProject
Project("{FAE04EC0-301F-11D3-BF4B-00C04F79EFBC}") = "ITMO_LESSON22", "ITMO_LESSON22\ITMO_LESSON22.csproj", "{B2F7FC21-4BB4-469C-8BBF-B33930C7D64F}"
EndProject
Project("{FAE04EC0-301F-11D3-BF4B-00C04F79EFBC}") = "ITMO_LESSON23", "ITMO_LESSON23\ITMO_LESSON23.csproj", "{DDACD86F-C6C8-40B9-BF13-4C92653B0128}"
EndProject
Global
	GlobalSection(SolutionConfigurationPlatforms) = preSolution
		Debug|Any CPU = Debug|Any CPU
		Release|Any CPU = Release|Any CPU
	EndGlobalSection
	GlobalSection(ProjectConfigurationPlatforms) = postSolution
		{84CF7EC6-9C04-4637-915F-8D608E37DBB8}.Debug|Any CPU.ActiveCfg = Debug|Any CPU
		{84CF7EC6-9C04-4637-915F-8D608E37DBB8}.Debug|Any CPU.Build.0 = Debug|Any CPU
		{84CF7EC6-9C04-4637-915F-8D608E37DBB8}.Release|Any CPU.ActiveCfg = Release|Any CPU
		{84CF7EC6-9C04-4637-915F-8D608E37DBB8}.Release|Any CPU.Build.0 = Release|Any CPU
		{F128EFDF-59E0-41AE-9915-D629B95DF09B}.Debug|Any CPU.ActiveCfg = Debug|Any CPU
		{F128EFDF-59E0-41AE-9915-D629B95DF09B}.Debug|Any CPU.Build.0 = Debug|Any CPU
		{F128EFDF-59E0-41AE-9915-D629B95DF09B}.Release|Any CPU.ActiveCfg = Release|Any CPU
		{F128EFDF-59E0-41AE-9915-D629B95DF09B}.Release|Any CPU.Build.0 = Release|Any CPU
		{8A6EDE31-38AA-4E2B-9AF4-343C7C44B3C4}.Debug|Any CPU.ActiveCfg = Debug|Any CPU
		{8A6EDE31-38AA-4E2B-9AF4-343C7C44B3C4}.Debug|Any CPU.Build.0 = Debug|Any CPU
		{8A6EDE31-38AA-4E2B-9AF4-343C7C44B3C4}.Release|Any CPU.ActiveCfg = Release|Any CPU
		{8A6EDE31-38AA-4E2B-9AF4-343C7C44B3C4}.Release|Any CPU.Build.0 = Release|Any CPU
		{8478CC71-8DC5-406E-A506-9D495E53FAC1}.Debug|Any CPU.ActiveCfg = Debug|Any CPU
		{8478CC71-8DC5-406E-A506-9D495E53FAC1}.Debug|Any CPU.Build.0 = Debug|Any CPU
		{8478CC71-8DC5-406E-A506-9D495E53FAC1}.Release|Any CPU.ActiveCfg = Release|Any CPU
		{8478CC71-8DC5-406E-A506-9D495E53FAC1}.Release|Any CPU.Build.0 = Release|Any CPU
		{6A776044-2B86-4F16-9551-DC57CCC41E89}.Debug|Any CPU.ActiveCfg = Debug|Any CPU
		{6A776044-2B86-4F16-9551-DC57CCC41E89}.Debug|Any CPU.Build.0 = Debug|Any CPU
		{6A776044-2B86-4F16-9551-DC57CCC41E89}.Release|Any CPU.ActiveCfg = Release|Any CPU
		{6A776044-2B86-4F16-9551-DC57CCC41E89}.Release|Any CPU.Build.0 = Release|Any CPU
		{A753CE6B-395A-443E-9099-EDBF3BC5DAC6}.Debug|Any CPU.ActiveCfg = Debug|Any CPU
		{A753CE6B-395A-443E-9099-EDBF3BC5DAC6}.Debug|Any CPU.Build.0 = Debug|Any CPU
		{A753CE6B-395A-443E-9099-EDBF3BC5DAC6}.Release|Any CPU.ActiveCfg = Release|Any CPU
		{A753CE6B-395A-443E-9099-EDBF3BC5DAC6}.Release|Any CPU.Build.0 = Release|Any CPU
		{D1D574C2-096F-4EB4-BAD9-2775BD29A22C}.Debug|Any CPU.ActiveCfg = Debug|Any CPU
		{D1D574C2-096F-4EB4-BAD9-2775BD29A22C}.Debug|Any CPU.Build.0 = Debug|Any CPU
		{D1D574C2-096F-4EB4-BAD9-2775BD29A22C}.Release|Any CPU.ActiveCfg = Release|Any CPU
		{D1D574C2-096F-4EB4-BAD9-2775BD29A22C}.Release|Any CPU.Build.0 = Release|Any CPU
		{652A5771-E23C-42ED-9FE2-6834DCA433FA}.Debug|Any CPU.ActiveCfg = Debug|Any CPU
		{652A5771-E23C-42ED-9FE2-6834DCA433FA}.Debug|Any CPU.Build.0 = Debug|Any CPU
		{652A5771-E23C-42ED-9FE2-6834DCA433FA}.Release|Any CPU.ActiveCfg = Release|Any CPU
		{652A5771-E23C-42ED-9FE2-6834DCA433FA}.Release|Any CPU.Build.0 = Release|Any CPU
		{2A492CC6-EA8D-446C-A9A9-D7320CB60814}.Debug|Any CPU.ActiveCfg = Debug|Any CPU
		{2A492CC6-EA8D-446C-A9A9-D7320CB60814}.Debug|Any CPU.Build.0 = Debug|Any CPU
		{2A492CC6-EA8D-446C-A9A9-D7320CB60814}.Release|Any CPU.ActiveCfg = Release|Any CPU
		{2A492CC6-EA8D-446C-A9A9-D7320CB60814}.Release|Any CPU.Build.0 = Release|Any CPU
		{27B7B15C-DF6F-46B1-8ED9-954F0B29CB30}.Debug|Any CPU.ActiveCfg = Debug|Any CPU
		{27B7B15C-DF6F-46B1-8ED9-954F0B29CB30}.Debug|Any CPU.Build.0 = Debug|Any CPU
		{27B7B15C-DF6F-46B1-8ED9-954F0B29CB30}.Release|Any CPU.ActiveCfg = Release|Any CPU
		{27B7B15C-DF6F-46B1-8ED9-954F0B29CB30}.Release|Any CPU.Build.0 = Release|Any CPU
		{8226B2E2-0946-477B-B5E7-17E111E6D27E}.Debug|Any CPU.ActiveCfg = Debug|Any CPU
		{8226B2E2-0946-477B-B5E7-17E111E6D27E}.Debug|Any CPU.Build.0 = Debug|Any CPU
		{8226B2E2-0946-477B-B5E7-17E111E6D27E}.Release|Any CPU.ActiveCfg = Release|Any CPU
		{8226B2E2-0946-477B-B5E7-17E111E6D27E}.Release|Any CPU.Build.0 = Release|Any CPU
		{8E2437F5-F43C-407F-84DD-088B7D37A6C4}.Debug|Any CPU.ActiveCfg = Debug|Any CPU
		{8E2437F5-F43C-407F-84DD-088B7D37A6C4}.Debug|Any CPU.Build.0 = Debug|Any CPU
		{8E2437F5-F43C-407F-84DD-088B7D37A6C4}.Release|Any CPU.ActiveCfg = Release|Any CPU
		{8E2437F5-F43C-407F-84DD-088B7D37A6C4}.Release|Any CPU.Build.0 = Release|Any CPU
		{B2F7FC21-4BB4-469C-8BBF-B33930C7D64F}.Debug|Any CPU.ActiveCfg = Debug|Any CPU
		{B2F7FC21-4BB4-469C-8BBF-B33930C7D64F}.Debug|Any CPU.Build.0 = Debug|Any CPU
		{B2F7FC21-4BB4-469C-8BBF-B33930C7D64F}.Release|Any CPU.ActiveCfg = Release|Any CPU
		{B2F7FC21-4BB4-469C-8BBF-B33930C7D64F}.Release|Any CPU.Build.0 = Release|Any CPU
		{DDACD86F-C6C8-40B9-BF13-4C92653B0128}.Debug|Any CPU.ActiveCfg = Debug|Any CPU
		{DDACD86F-C6C8-40B9-BF13-4C92653B0128}.Debug|Any CPU.Build.0 = Debug|Any CPU
		{DDACD86F-C6C8-40B9-BF13-4C92653B0128}.Release|Any CPU.ActiveCfg = Release|Any CPU
		{DDACD86F-C6C8-40B9-BF13-4C92653B0128}.Release|Any CPU.Build.0 = Release|Any CPU
	EndGlobalSection
	GlobalSection(SolutionProperties) = preSolution
		HideSolutionNode = FALSE
	EndGlobalSection
	GlobalSection(ExtensibilityGlobals) = postSolution
		SolutionGuid = {1963FF75-7584-4E87-A499-7B006BFB923A}
	EndGlobalSection
EndGlobal
