
Microsoft Visual Studio Solution File, Format Version 12.00
# Visual Studio Version 17
VisualStudioVersion = 17.10.34928.147
MinimumVisualStudioVersion = 10.0.40219.1
Project("{FAE04EC0-301F-11D3-BF4B-00C04F79EFBC}") = "ItmoLesson10", "ItmoLesson10\ItmoLesson10.csproj", "{84CF7EC6-9C04-4637-915F-8D608E37DBB8}"
EndProject
Global
	GlobalSection(SolutionConfigurationPlatforms) = preSolution
		Debug|Any CPU = Debug|Any CPU
		Release|Any CPU = Release|Any CPU
	EndGlobalSection
	GlobalSection(ProjectConfigurationPlatforms) = postSolution
		{84CF7EC6-9C04-4637-915F-8D608E37DBB8}.Debug|Any CPU.ActiveCfg = Debug|Any CPU
		{84CF7EC6-9C04-4637-915F-8D608E37DBB8}.Debug|Any CPU.Build.0 = Debug|Any CPU
		{84CF7EC6-9C04-4637-915F-8D608E37DBB8}.Release|Any CPU.ActiveCfg = Release|Any CPU
		{84CF7EC6-9C04-4637-915F-8D608E37DBB8}.Release|Any CPU.Build.0 = Release|Any CPU
	EndGlobalSection
	GlobalSection(SolutionProperties) = preSolution
		HideSolutionNode = FALSE
	EndGlobalSection
	GlobalSection(ExtensibilityGlobals) = postSolution
		SolutionGuid = {1963FF75-7584-4E87-A499-7B006BFB923A}
	EndGlobalSection
EndGlobal
